
Microsoft Visual Studio Solution File, Format Version 12.00
# Visual Studio 15
VisualStudioVersion = 15.0.28010.2041
MinimumVisualStudioVersion = 10.0.40219.1
Project("{888888A0-9F3D-457C-B088-3A5042F75D52}") = "RE07", "RE07.pyproj", "{132EE7AC-71A4-44C1-B433-CE9844EE9F1B}"
EndProject
Global
	GlobalSection(SolutionConfigurationPlatforms) = preSolution
		Debug|Any CPU = Debug|Any CPU
		Release|Any CPU = Release|Any CPU
	EndGlobalSection
	GlobalSection(ProjectConfigurationPlatforms) = postSolution
		{132EE7AC-71A4-44C1-B433-CE9844EE9F1B}.Debug|Any CPU.ActiveCfg = Debug|Any CPU
		{132EE7AC-71A4-44C1-B433-CE9844EE9F1B}.Release|Any CPU.ActiveCfg = Release|Any CPU
	EndGlobalSection
	GlobalSection(SolutionProperties) = preSolution
		HideSolutionNode = FALSE
	EndGlobalSection
	GlobalSection(ExtensibilityGlobals) = postSolution
		SolutionGuid = {AF78DA96-B629-4CE0-8080-F691EFBE6D46}
	EndGlobalSection
EndGlobal
