
Microsoft Visual Studio Solution File, Format Version 12.00
# Visual Studio 15
VisualStudioVersion = 15.0.28010.2041
MinimumVisualStudioVersion = 10.0.40219.1
Project("{888888A0-9F3D-457C-B088-3A5042F75D52}") = "PE1_Practice", "PE1_Practice.pyproj", "{AF737168-4829-4ADA-A43B-665F2887FEE3}"
EndProject
Global
	GlobalSection(SolutionConfigurationPlatforms) = preSolution
		Debug|Any CPU = Debug|Any CPU
		Release|Any CPU = Release|Any CPU
	EndGlobalSection
	GlobalSection(ProjectConfigurationPlatforms) = postSolution
		{AF737168-4829-4ADA-A43B-665F2887FEE3}.Debug|Any CPU.ActiveCfg = Debug|Any CPU
		{AF737168-4829-4ADA-A43B-665F2887FEE3}.Release|Any CPU.ActiveCfg = Release|Any CPU
	EndGlobalSection
	GlobalSection(SolutionProperties) = preSolution
		HideSolutionNode = FALSE
	EndGlobalSection
	GlobalSection(ExtensibilityGlobals) = postSolution
		SolutionGuid = {679F4525-8CDA-46BF-A919-B1C02BCAC9AB}
	EndGlobalSection
EndGlobal
