
Microsoft Visual Studio Solution File, Format Version 12.00
# Visual Studio 15
VisualStudioVersion = 15.0.28010.2041
MinimumVisualStudioVersion = 10.0.40219.1
Project("{888888A0-9F3D-457C-B088-3A5042F75D52}") = "TP3", "TP3.pyproj", "{35B5B0D4-7800-4EF7-A3ED-DF7704226C17}"
EndProject
Global
	GlobalSection(SolutionConfigurationPlatforms) = preSolution
		Debug|Any CPU = Debug|Any CPU
		Release|Any CPU = Release|Any CPU
	EndGlobalSection
	GlobalSection(ProjectConfigurationPlatforms) = postSolution
		{35B5B0D4-7800-4EF7-A3ED-DF7704226C17}.Debug|Any CPU.ActiveCfg = Debug|Any CPU
		{35B5B0D4-7800-4EF7-A3ED-DF7704226C17}.Release|Any CPU.ActiveCfg = Release|Any CPU
	EndGlobalSection
	GlobalSection(SolutionProperties) = preSolution
		HideSolutionNode = FALSE
	EndGlobalSection
	GlobalSection(ExtensibilityGlobals) = postSolution
		SolutionGuid = {47744B6E-87CB-44BF-9017-1482F5BD6D60}
	EndGlobalSection
EndGlobal
