
Microsoft Visual Studio Solution File, Format Version 12.00
# Visual Studio 15
VisualStudioVersion = 15.0.28010.2041
MinimumVisualStudioVersion = 10.0.40219.1
Project("{888888A0-9F3D-457C-B088-3A5042F75D52}") = "RE06", "RE06.pyproj", "{A541AD42-7144-4EF0-B765-C73EEE0E57D2}"
EndProject
Global
	GlobalSection(SolutionConfigurationPlatforms) = preSolution
		Debug|Any CPU = Debug|Any CPU
		Release|Any CPU = Release|Any CPU
	EndGlobalSection
	GlobalSection(ProjectConfigurationPlatforms) = postSolution
		{A541AD42-7144-4EF0-B765-C73EEE0E57D2}.Debug|Any CPU.ActiveCfg = Debug|Any CPU
		{A541AD42-7144-4EF0-B765-C73EEE0E57D2}.Release|Any CPU.ActiveCfg = Release|Any CPU
	EndGlobalSection
	GlobalSection(SolutionProperties) = preSolution
		HideSolutionNode = FALSE
	EndGlobalSection
	GlobalSection(ExtensibilityGlobals) = postSolution
		SolutionGuid = {3163D44A-6961-47FF-BEA0-D340E61B9FC7}
	EndGlobalSection
EndGlobal
