
Microsoft Visual Studio Solution File, Format Version 12.00
# Visual Studio 15
VisualStudioVersion = 15.0.28010.2041
MinimumVisualStudioVersion = 10.0.40219.1
Project("{888888A0-9F3D-457C-B088-3A5042F75D52}") = "RE02", "RE02.pyproj", "{3360E19F-E90F-453D-8E7B-57DDAEB75D87}"
EndProject
Global
	GlobalSection(SolutionConfigurationPlatforms) = preSolution
		Debug|Any CPU = Debug|Any CPU
		Release|Any CPU = Release|Any CPU
	EndGlobalSection
	GlobalSection(ProjectConfigurationPlatforms) = postSolution
		{3360E19F-E90F-453D-8E7B-57DDAEB75D87}.Debug|Any CPU.ActiveCfg = Debug|Any CPU
		{3360E19F-E90F-453D-8E7B-57DDAEB75D87}.Release|Any CPU.ActiveCfg = Release|Any CPU
	EndGlobalSection
	GlobalSection(SolutionProperties) = preSolution
		HideSolutionNode = FALSE
	EndGlobalSection
	GlobalSection(ExtensibilityGlobals) = postSolution
		SolutionGuid = {F1F10BF6-67F3-4A90-B12D-5B31F84C1D3E}
	EndGlobalSection
EndGlobal
