
Microsoft Visual Studio Solution File, Format Version 12.00
# Visual Studio 15
VisualStudioVersion = 15.0.28010.2041
MinimumVisualStudioVersion = 10.0.40219.1
Project("{888888A0-9F3D-457C-B088-3A5042F75D52}") = "RE05", "RE05.pyproj", "{F49DFBEF-679B-4131-B5F6-87101B76FAB1}"
EndProject
Global
	GlobalSection(SolutionConfigurationPlatforms) = preSolution
		Debug|Any CPU = Debug|Any CPU
		Release|Any CPU = Release|Any CPU
	EndGlobalSection
	GlobalSection(ProjectConfigurationPlatforms) = postSolution
		{F49DFBEF-679B-4131-B5F6-87101B76FAB1}.Debug|Any CPU.ActiveCfg = Debug|Any CPU
		{F49DFBEF-679B-4131-B5F6-87101B76FAB1}.Release|Any CPU.ActiveCfg = Release|Any CPU
	EndGlobalSection
	GlobalSection(SolutionProperties) = preSolution
		HideSolutionNode = FALSE
	EndGlobalSection
	GlobalSection(ExtensibilityGlobals) = postSolution
		SolutionGuid = {C210CC5B-DC15-49AC-83CD-F046A5FBED5D}
	EndGlobalSection
EndGlobal
